
Microsoft Visual Studio Solution File, Format Version 12.00
# Visual Studio Version 17
VisualStudioVersion = 17.4.33103.184
MinimumVisualStudioVersion = 10.0.40219.1
Project("{FAE04EC0-301F-11D3-BF4B-00C04F79EFBC}") = "prime number", "prime number\prime number.csproj", "{4CB56039-33F4-4994-B6DD-614888DF2E0A}"
EndProject
Global
	GlobalSection(SolutionConfigurationPlatforms) = preSolution
		Debug|Any CPU = Debug|Any CPU
		Release|Any CPU = Release|Any CPU
	EndGlobalSection
	GlobalSection(ProjectConfigurationPlatforms) = postSolution
		{4CB56039-33F4-4994-B6DD-614888DF2E0A}.Debug|Any CPU.ActiveCfg = Debug|Any CPU
		{4CB56039-33F4-4994-B6DD-614888DF2E0A}.Debug|Any CPU.Build.0 = Debug|Any CPU
		{4CB56039-33F4-4994-B6DD-614888DF2E0A}.Release|Any CPU.ActiveCfg = Release|Any CPU
		{4CB56039-33F4-4994-B6DD-614888DF2E0A}.Release|Any CPU.Build.0 = Release|Any CPU
	EndGlobalSection
	GlobalSection(SolutionProperties) = preSolution
		HideSolutionNode = FALSE
	EndGlobalSection
	GlobalSection(ExtensibilityGlobals) = postSolution
		SolutionGuid = {835E7052-897B-40B9-9AF2-824DFEBD6208}
	EndGlobalSection
EndGlobal
